dependencies:
- name: bank-common
  repository: file://../../bank-common
  version: 0.1.0
- name: configserver
  repository: file://../../bank-services/configserver
  version: 0.1.0
- name: eurekaserver
  repository: file://../../bank-services/eurekaserver
  version: 0.1.0
- name: accounts
  repository: file://../../bank-services/accounts
  version: 0.1.0
- name: cards
  repository: file://../../bank-services/cards
  version: 0.1.0
- name: loans
  repository: file://../../bank-services/loans
  version: 0.1.0
- name: gatewayserver
  repository: file://../../bank-services/gatewayserver
  version: 0.1.0
- name: message
  repository: file://../../bank-services/message
  version: 0.1.0
digest: sha256:3b35bc06f5c72217fb9540e4742340cfcfa294ed22b67e60d21fef4b194bd1a9
generated: "2025-09-18T09:09:45.754877769+03:00"
